// !$*UTF8*$!
{
	archiveVersion = 1;
	classes = {
	};
	objectVersion = 50;
	objects = {

/* Begin PBXBuildFile section */
		81E692F525DEFDB6002E9691 /* AppDelegate.swift in Sources */ = {isa = PBXBuildFile; fileRef = 81E692F425DEFDB6002E9691 /* AppDelegate.swift */; };
		81E692F725DEFDB6002E9691 /* SceneDelegate.swift in Sources */ = {isa = PBXBuildFile; fileRef = 81E692F625DEFDB6002E9691 /* SceneDelegate.swift */; };
		81E692F925DEFDB6002E9691 /* ViewController.swift in Sources */ = {isa = PBXBuildFile; fileRef = 81E692F825DEFDB6002E9691 /* ViewController.swift */; };
		81E692FC25DEFDB6002E9691 /* Main.storyboard in Resources */ = {isa = PBXBuildFile; fileRef = 81E692FA25DEFDB6002E9691 /* Main.storyboard */; };
		81E692FE25DEFDB9002E9691 /* Assets.xcassets in Resources */ = {isa = PBXBuildFile; fileRef = 81E692FD25DEFDB9002E9691 /* Assets.xcassets */; };
		81E6930125DEFDB9002E9691 /* LaunchScreen.storyboard in Resources */ = {isa = PBXBuildFile; fileRef = 81E692FF25DEFDB9002E9691 /* LaunchScreen.storyboard */; };
/* End PBXBuildFile section */

/* Begin PBXFileReference section */
		81E692F125DEFDB6002E9691 /* swift-app-windowShopper.app */ = {isa = PBXFileReference; explicitFileType = wrapper.application; includeInIndex = 0; path = "swift-app-windowShopper.app"; sourceTree = BUILT_PRODUCTS_DIR; };
		81E692F425DEFDB6002E9691 /* AppDelegate.swift */ = {isa = PBXFileReference; lastKnownFileType = sourcecode.swift; path = AppDelegate.swift; sourceTree = "<group>"; };
		81E692F625DEFDB6002E9691 /* SceneDelegate.swift */ = {isa = PBXFileReference; lastKnownFileType = sourcecode.swift; path = SceneDelegate.swift; sourceTree = "<group>"; };
		81E692F825DEFDB6002E9691 /* ViewController.swift */ = {isa = PBXFileReference; lastKnownFileType = sourcecode.swift; path = ViewController.swift; sourceTree = "<group>"; };
		81E692FB25DEFDB6002E9691 /* Base */ = {isa = PBXFileReference; lastKnownFileType = file.storyboard; name = Base; path = Base.lproj/Main.storyboard; sourceTree = "<group>"; };
		81E692FD25DEFDB9002E9691 /* Assets.xcassets */ = {isa = PBXFileReference; lastKnownFileType = folder.assetcatalog; path = Assets.xcassets; sourceTree = "<group>"; };
		81E6930025DEFDB9002E9691 /* Base */ = {isa = PBXFileReference; lastKnownFileType = file.storyboard; name = Base; path = Base.lproj/LaunchScreen.storyboard; sourceTree = "<group>"; };
		81E6930225DEFDB9002E9691 /* Info.plist */ = {isa = PBXFileReference; lastKnownFileType = text.plist.xml; path = Info.plist; sourceTree = "<group>"; };
/* End PBXFileReference section */

/* Begin PBXFrameworksBuildPhase section */
		81E692EE25DEFDB6002E9691 /* Frameworks */ = {
			isa = PBXFrameworksBuildPhase;
			buildActionMask = 2147483647;
			files = (
			);
			runOnlyForDeploymentPostprocessing = 0;
		};
/* End PBXFrameworksBuildPhase section */

/* Begin PBXGroup section */
		81E692E825DEFDB6002E9691 = {
			isa = PBXGroup;
			children = (
				81E692F325DEFDB6002E9691 /* swift-app-windowShopper */,
				81E692F225DEFDB6002E9691 /* Products */,
			);
			sourceTree = "<group>";
		};
		81E692F225DEFDB6002E9691 /* Products */ = {
			isa = PBXGroup;
			children = (
				81E692F125DEFDB6002E9691 /* swift-app-windowShopper.app */,
			);
			name = Products;
			sourceTree = "<group>";
		};
		81E692F325DEFDB6002E9691 /* swift-app-windowShopper */ = {
			isa = PBXGroup;
			children = (
				81E692F425DEFDB6002E9691 /* AppDelegate.swift */,
				81E692F625DEFDB6002E9691 /* SceneDelegate.swift */,
				81E692F825DEFDB6002E9691 /* ViewController.swift */,
				81E692FA25DEFDB6002E9691 /* Main.storyboard */,
				81E692FD25DEFDB9002E9691 /* Assets.xcassets */,
				81E692FF25DEFDB9002E9691 /* LaunchScreen.storyboard */,
				81E6930225DEFDB9002E9691 /* Info.plist */,
			);
			path = "swift-app-windowShopper";
			sourceTree = "<group>";
		};
/* End PBXGroup section */

/* Begin PBXNativeTarget section */
		81E692F025DEFDB6002E9691 /* swift-app-windowShopper */ = {
			isa = PBXNativeTarget;
			buildConfigurationList = 81E6930525DEFDB9002E9691 /* Build configuration list for PBXNativeTarget "swift-app-windowShopper" */;
			buildPhases = (
				81E692ED25DEFDB6002E9691 /* Sources */,
				81E692EE25DEFDB6002E9691 /* Frameworks */,
				81E692EF25DEFDB6002E9691 /* Resources */,
			);
			buildRules = (
			);
			dependencies = (
			);
			name = "swift-app-windowShopper";
			productName = "swift-app-windowShopper";
			productReference = 81E692F125DEFDB6002E9691 /* swift-app-windowShopper.app */;
			productType = "com.apple.product-type.application";
		};
/* End PBXNativeTarget section */

/* Begin PBXProject section */
		81E692E925DEFDB6002E9691 /* Project object */ = {
			isa = PBXProject;
			attributes = {
				LastSwiftUpdateCheck = 1240;
				LastUpgradeCheck = 1240;
				TargetAttributes = {
					81E692F025DEFDB6002E9691 = {
						CreatedOnToolsVersion = 12.4;
					};
				};
			};
			buildConfigurationList = 81E692EC25DEFDB6002E9691 /* Build configuration list for PBXProject "swift-app-windowShopper" */;
			compatibilityVersion = "Xcode 9.3";
			developmentRegion = en;
			hasScannedForEncodings = 0;
			knownRegions = (
				en,
				Base,
			);
			mainGroup = 81E692E825DEFDB6002E9691;
			productRefGroup = 81E692F225DEFDB6002E9691 /* Products */;
			projectDirPath = "";
			projectRoot = "";
			targets = (
				81E692F025DEFDB6002E9691 /* swift-app-windowShopper */,
			);
		};
/* End PBXProject section */

/* Begin PBXResourcesBuildPhase section */
		81E692EF25DEFDB6002E9691 /* Resources */ = {
			isa = PBXResourcesBuildPhase;
			buildActionMask = 2147483647;
			files = (
				81E6930125DEFDB9002E9691 /* LaunchScreen.storyboard in Resources */,
				81E692FE25DEFDB9002E9691 /* Assets.xcassets in Resources */,
				81E692FC25DEFDB6002E9691 /* Main.storyboard in Resources */,
			);
			runOnlyForDeploymentPostprocessing = 0;
		};
/* End PBXResourcesBuildPhase section */

/* Begin PBXSourcesBuildPhase section */
		81E692ED25DEFDB6002E9691 /* Sources */ = {
			isa = PBXSourcesBuildPhase;
			buildActionMask = 2147483647;
			files = (
				81E692F925DEFDB6002E9691 /* ViewController.swift in Sources */,
				81E692F525DEFDB6002E9691 /* AppDelegate.swift in Sources */,
				81E692F725DEFDB6002E9691 /* SceneDelegate.swift in Sources */,
			);
			runOnlyForDeploymentPostprocessing = 0;
		};
/* End PBXSourcesBuildPhase section */

/* Begin PBXVariantGroup section */
		81E692FA25DEFDB6002E9691 /* Main.storyboard */ = {
			isa = PBXVariantGroup;
			children = (
				81E692FB25DEFDB6002E9691 /* Base */,
			);
			name = Main.storyboard;
			sourceTree = "<group>";
		};
		81E692FF25DEFDB9002E9691 /* LaunchScreen.storyboard */ = {
			isa = PBXVariantGroup;
			children = (
				81E6930025DEFDB9002E9691 /* Base */,
			);
			name = LaunchScreen.storyboard;
			sourceTree = "<group>";
		};
/* End PBXVariantGroup section */

/* Begin XCBuildConfiguration section */
		81E6930325DEFDB9002E9691 /* Debug */ = {
			isa = XCBuildConfiguration;
			buildSettings = {
				ALWAYS_SEARCH_USER_PATHS = NO;
				CLANG_ANALYZER_NONNULL = YES;
				CLANG_ANALYZER_NUMBER_OBJECT_CONVERSION = YES_AGGRESSIVE;
				CLANG_CXX_LANGUAGE_STANDARD = "gnu++14";
				CLANG_CXX_LIBRARY = "libc++";
				CLANG_ENABLE_MODULES = YES;
				CLANG_ENABLE_OBJC_ARC = YES;
				CLANG_ENABLE_OBJC_WEAK = YES;
				CLANG_WARN_BLOCK_CAPTURE_AUTORELEASING = YES;
				CLANG_WARN_BOOL_CONVERSION = YES;
				CLANG_WARN_COMMA = YES;
				CLANG_WARN_CONSTANT_CONVERSION = YES;
				CLANG_WARN_DEPRECATED_OBJC_IMPLEMENTATIONS = YES;
				CLANG_WARN_DIRECT_OBJC_ISA_USAGE = YES_ERROR;
				CLANG_WARN_DOCUMENTATION_COMMENTS = YES;
				CLANG_WARN_EMPTY_BODY = YES;
				CLANG_WARN_ENUM_CONVERSION = YES;
				CLANG_WARN_INFINITE_RECURSION = YES;
				CLANG_WARN_INT_CONVERSION = YES;
				CLANG_WARN_NON_LITERAL_NULL_CONVERSION = YES;
				CLANG_WARN_OBJC_IMPLICIT_RETAIN_SELF = YES;
				CLANG_WARN_OBJC_LITERAL_CONVERSION = YES;
				CLANG_WARN_OBJC_ROOT_CLASS = YES_ERROR;
				CLANG_WARN_QUOTED_INCLUDE_IN_FRAMEWORK_HEADER = YES;
				CLANG_WARN_RANGE_LOOP_ANALYSIS = YES;
				CLANG_WARN_STRICT_PROTOTYPES = YES;
				CLANG_WARN_SUSPICIOUS_MOVE = YES;
				CLANG_WARN_UNGUARDED_AVAILABILITY = YES_AGGRESSIVE;
				CLANG_WARN_UNREACHABLE_CODE = YES;
				CLANG_WARN__DUPLICATE_METHOD_MATCH = YES;
				COPY_PHASE_STRIP = NO;
				DEBUG_INFORMATION_FORMAT = dwarf;
				ENABLE_STRICT_OBJC_MSGSEND = YES;
				ENABLE_TESTABILITY = YES;
				GCC_C_LANGUAGE_STANDARD = gnu11;
				GCC_DYNAMIC_NO_PIC = NO;
				GCC_NO_COMMON_BLOCKS = YES;
				GCC_OPTIMIZATION_LEVEL = 0;
				GCC_PREPROCESSOR_DEFINITIONS = (
					"DEBUG=1",
					"$(inherited)",
				);
				GCC_WARN_64_TO_32_BIT_CONVERSION = YES;
				GCC_WARN_ABOUT_RETURN_TYPE = YES_ERROR;
				GCC_WARN_UNDECLARED_SELECTOR = YES;
				GCC_WARN_UNINITIALIZED_AUTOS = YES_AGGRESSIVE;
				GCC_WARN_UNUSED_FUNCTION = YES;
				GCC_WARN_UNUSED_VARIABLE = YES;
				IPHONEOS_DEPLOYMENT_TARGET = 14.4;
				MTL_ENABLE_DEBUG_INFO = INCLUDE_SOURCE;
				MTL_FAST_MATH = YES;
				ONLY_ACTIVE_ARCH = YES;
				SDKROOT = iphoneos;
				SWIFT_ACTIVE_COMPILATION_CONDITIONS = DEBUG;
				SWIFT_OPTIMIZATION_LEVEL = "-Onone";
			};
			name = Debug;
		};
		81E6930425DEFDB9002E9691 /* Release */ = {
			isa = XCBuildConfiguration;
			buildSettings = {
				ALWAYS_SEARCH_USER_PATHS = NO;
				CLANG_ANALYZER_NONNULL = YES;
				CLANG_ANALYZER_NUMBER_OBJECT_CONVERSION = YES_AGGRESSIVE;
				CLANG_CXX_LANGUAGE_STANDARD = "gnu++14";
				CLANG_CXX_LIBRARY = "libc++";
				CLANG_ENABLE_MODULES = YES;
				CLANG_ENABLE_OBJC_ARC = YES;
				CLANG_ENABLE_OBJC_WEAK = YES;
				CLANG_WARN_BLOCK_CAPTURE_AUTORELEASING = YES;
				CLANG_WARN_BOOL_CONVERSION = YES;
				CLANG_WARN_COMMA = YES;
				CLANG_WARN_CONSTANT_CONVERSION = YES;
				CLANG_WARN_DEPRECATED_OBJC_IMPLEMENTATIONS = YES;
				CLANG_WARN_DIRECT_OBJC_ISA_USAGE = YES_ERROR;
				CLANG_WARN_DOCUMENTATION_COMMENTS = YES;
				CLANG_WARN_EMPTY_BODY = YES;
				CLANG_WARN_ENUM_CONVERSION = YES;
				CLANG_WARN_INFINITE_RECURSION = YES;
				CLANG_WARN_INT_CONVERSION = YES;
				CLANG_WARN_NON_LITERAL_NULL_CONVERSION = YES;
				CLANG_WARN_OBJC_IMPLICIT_RETAIN_SELF = YES;
				CLANG_WARN_OBJC_LITERAL_CONVERSION = YES;
				CLANG_WARN_OBJC_ROOT_CLASS = YES_ERROR;
				CLANG_WARN_QUOTED_INCLUDE_IN_FRAMEWORK_HEADER = YES;
				CLANG_WARN_RANGE_LOOP_ANALYSIS = YES;
				CLANG_WARN_STRICT_PROTOTYPES = YES;
				CLANG_WARN_SUSPICIOUS_MOVE = YES;
				CLANG_WARN_UNGUARDED_AVAILABILITY = YES_AGGRESSIVE;
				CLANG_WARN_UNREACHABLE_CODE = YES;
				CLANG_WARN__DUPLICATE_METHOD_MATCH = YES;
				COPY_PHASE_STRIP = NO;
				DEBUG_INFORMATION_FORMAT = "dwarf-with-dsym";
				ENABLE_NS_ASSERTIONS = NO;
				ENABLE_STRICT_OBJC_MSGSEND = YES;
				GCC_C_LANGUAGE_STANDARD = gnu11;
				GCC_NO_COMMON_BLOCKS = YES;
				GCC_WARN_64_TO_32_BIT_CONVERSION = YES;
				GCC_WARN_ABOUT_RETURN_TYPE = YES_ERROR;
				GCC_WARN_UNDECLARED_SELECTOR = YES;
				GCC_WARN_UNINITIALIZED_AUTOS = YES_AGGRESSIVE;
				GCC_WARN_UNUSED_FUNCTION = YES;
				GCC_WARN_UNUSED_VARIABLE = YES;
				IPHONEOS_DEPLOYMENT_TARGET = 14.4;
				MTL_ENABLE_DEBUG_INFO = NO;
				MTL_FAST_MATH = YES;
				SDKROOT = iphoneos;
				SWIFT_COMPILATION_MODE = wholemodule;
				SWIFT_OPTIMIZATION_LEVEL = "-O";
				VALIDATE_PRODUCT = YES;
			};
			name = Release;
		};
		81E6930625DEFDB9002E9691 /* Debug */ = {
			isa = XCBuildConfiguration;
			buildSettings = {
				ASSETCATALOG_COMPILER_APPICON_NAME = AppIcon;
				ASSETCATALOG_COMPILER_GLOBAL_ACCENT_COLOR_NAME = AccentColor;
				CODE_SIGN_STYLE = Automatic;
				DEVELOPMENT_TEAM = 3FDRJJ8M5S;
				INFOPLIST_FILE = "swift-app-windowShopper/Info.plist";
				LD_RUNPATH_SEARCH_PATHS = (
					"$(inherited)",
					"@executable_path/Frameworks",
				);
				PRODUCT_BUNDLE_IDENTIFIER = "com.self.learning.swift-app-windowShopper";
				PRODUCT_NAME = "$(TARGET_NAME)";
				SWIFT_VERSION = 5.0;
				TARGETED_DEVICE_FAMILY = "1,2";
			};
			name = Debug;
		};
		81E6930725DEFDB9002E9691 /* Release */ = {
			isa = XCBuildConfiguration;
			buildSettings = {
				ASSETCATALOG_COMPILER_APPICON_NAME = AppIcon;
				ASSETCATALOG_COMPILER_GLOBAL_ACCENT_COLOR_NAME = AccentColor;
				CODE_SIGN_STYLE = Automatic;
				DEVELOPMENT_TEAM = 3FDRJJ8M5S;
				INFOPLIST_FILE = "swift-app-windowShopper/Info.plist";
				LD_RUNPATH_SEARCH_PATHS = (
					"$(inherited)",
					"@executable_path/Frameworks",
				);
				PRODUCT_BUNDLE_IDENTIFIER = "com.self.learning.swift-app-windowShopper";
				PRODUCT_NAME = "$(TARGET_NAME)";
				SWIFT_VERSION = 5.0;
				TARGETED_DEVICE_FAMILY = "1,2";
			};
			name = Release;
		};
/* End XCBuildConfiguration section */

/* Begin XCConfigurationList section */
		81E692EC25DEFDB6002E9691 /* Build configuration list for PBXProject "swift-app-windowShopper" */ = {
			isa = XCConfigurationList;
			buildConfigurations = (
				81E6930325DEFDB9002E9691 /* Debug */,
				81E6930425DEFDB9002E9691 /* Release */,
			);
			defaultConfigurationIsVisible = 0;
			defaultConfigurationName = Release;
		};
		81E6930525DEFDB9002E9691 /* Build configuration list for PBXNativeTarget "swift-app-windowShopper" */ = {
			isa = XCConfigurationList;
			buildConfigurations = (
				81E6930625DEFDB9002E9691 /* Debug */,
				81E6930725DEFDB9002E9691 /* Release */,
			);
			defaultConfigurationIsVisible = 0;
			defaultConfigurationName = Release;
		};
/* End XCConfigurationList section */
	};
	rootObject = 81E692E925DEFDB6002E9691 /* Project object */;
}
